
Microsoft Visual Studio Solution File, Format Version 12.00
# Visual Studio Version 17
VisualStudioVersion = 17.1.32328.378
MinimumVisualStudioVersion = 10.0.40219.1
Project("{9A19103F-16F7-4668-BE54-9A1E7A4F7556}") = "REST-API", "REST-API.csproj", "{95441E20-B5CD-4D15-AEB8-251A40B5C91A}"
EndProject
Project("{FAE04EC0-301F-11D3-BF4B-00C04F79EFBC}") = "EFDataAccessLibrary", "EFDataAccessLibrary\EFDataAccessLibrary.csproj", "{A8015E9E-5060-4A16-8923-41B798E2AE1C}"
EndProject
Global
	GlobalSection(SolutionConfigurationPlatforms) = preSolution
		Debug|Any CPU = Debug|Any CPU
		Release|Any CPU = Release|Any CPU
	EndGlobalSection
	GlobalSection(ProjectConfigurationPlatforms) = postSolution
		{95441E20-B5CD-4D15-AEB8-251A40B5C91A}.Debug|Any CPU.ActiveCfg = Debug|Any CPU
		{95441E20-B5CD-4D15-AEB8-251A40B5C91A}.Debug|Any CPU.Build.0 = Debug|Any CPU
		{95441E20-B5CD-4D15-AEB8-251A40B5C91A}.Release|Any CPU.ActiveCfg = Release|Any CPU
		{95441E20-B5CD-4D15-AEB8-251A40B5C91A}.Release|Any CPU.Build.0 = Release|Any CPU
		{A8015E9E-5060-4A16-8923-41B798E2AE1C}.Debug|Any CPU.ActiveCfg = Debug|Any CPU
		{A8015E9E-5060-4A16-8923-41B798E2AE1C}.Debug|Any CPU.Build.0 = Debug|Any CPU
		{A8015E9E-5060-4A16-8923-41B798E2AE1C}.Release|Any CPU.ActiveCfg = Release|Any CPU
		{A8015E9E-5060-4A16-8923-41B798E2AE1C}.Release|Any CPU.Build.0 = Release|Any CPU
	EndGlobalSection
	GlobalSection(SolutionProperties) = preSolution
		HideSolutionNode = FALSE
	EndGlobalSection
	GlobalSection(ExtensibilityGlobals) = postSolution
		SolutionGuid = {D34E8116-B236-4BC0-BD41-2ECACCC16237}
	EndGlobalSection
EndGlobal
